// !$*UTF8*$!
{
	archiveVersion = 1;
	classes = {
	};
	objectVersion = 77;
	objects = {

/* Begin PBXBuildFile section */
		00833DB13E03CA9A71DE7754 /* Pods_RecipeBoxTests.framework in Frameworks */ = {isa = PBXBuildFile; fileRef = 042735672980AD283876D02A /* Pods_RecipeBoxTests.framework */; };
		4618AAE2FB0831EE9A8A26B7 /* Pods_RecipeBox.framework in Frameworks */ = {isa = PBXBuildFile; fileRef = 02B2B5B489EB0DD827740B52 /* Pods_RecipeBox.framework */; };
		7C17A118E932F275F250C78C /* Pods_RecipeBox_RecipeBoxUITests.framework in Frameworks */ = {isa = PBXBuildFile; fileRef = C04E856AEDB62038AE20676F /* Pods_RecipeBox_RecipeBoxUITests.framework */; };
/* End PBXBuildFile section */

/* Begin PBXContainerItemProxy section */
		B8E3F40F2EFAC63300899930 /* PBXContainerItemProxy */ = {
			isa = PBXContainerItemProxy;
			containerPortal = B8E3F3ED2EFAC63100899930 /* Project object */;
			proxyType = 1;
			remoteGlobalIDString = B8E3F3F42EFAC63100899930;
			remoteInfo = RecipeBox;
		};
		B8E3F4192EFAC63300899930 /* PBXContainerItemProxy */ = {
			isa = PBXContainerItemProxy;
			containerPortal = B8E3F3ED2EFAC63100899930 /* Project object */;
			proxyType = 1;
			remoteGlobalIDString = B8E3F3F42EFAC63100899930;
			remoteInfo = RecipeBox;
		};
/* End PBXContainerItemProxy section */

/* Begin PBXFileReference section */
		02B2B5B489EB0DD827740B52 /* Pods_RecipeBox.framework */ = {isa = PBXFileReference; explicitFileType = wrapper.framework; includeInIndex = 0; path = Pods_RecipeBox.framework; sourceTree = BUILT_PRODUCTS_DIR; };
		042735672980AD283876D02A /* Pods_RecipeBoxTests.framework */ = {isa = PBXFileReference; explicitFileType = wrapper.framework; includeInIndex = 0; path = Pods_RecipeBoxTests.framework; sourceTree = BUILT_PRODUCTS_DIR; };
		1A60B7982918F4F1B692461D /* Pods-RecipeBoxTests.debug.xcconfig */ = {isa = PBXFileReference; includeInIndex = 1; lastKnownFileType = text.xcconfig; name = "Pods-RecipeBoxTests.debug.xcconfig"; path = "Target Support Files/Pods-RecipeBoxTests/Pods-RecipeBoxTests.debug.xcconfig"; sourceTree = "<group>"; };
		469BAF33F7948FE2B10BFB38 /* Pods-RecipeBox.release.xcconfig */ = {isa = PBXFileReference; includeInIndex = 1; lastKnownFileType = text.xcconfig; name = "Pods-RecipeBox.release.xcconfig"; path = "Target Support Files/Pods-RecipeBox/Pods-RecipeBox.release.xcconfig"; sourceTree = "<group>"; };
		57C400EFC355779AF76D2E74 /* Pods-RecipeBox-RecipeBoxUITests.release.xcconfig */ = {isa = PBXFileReference; includeInIndex = 1; lastKnownFileType = text.xcconfig; name = "Pods-RecipeBox-RecipeBoxUITests.release.xcconfig"; path = "Target Support Files/Pods-RecipeBox-RecipeBoxUITests/Pods-RecipeBox-RecipeBoxUITests.release.xcconfig"; sourceTree = "<group>"; };
		632992D1AA72FCCFFE792CD5 /* Pods-RecipeBox-RecipeBoxUITests.debug.xcconfig */ = {isa = PBXFileReference; includeInIndex = 1; lastKnownFileType = text.xcconfig; name = "Pods-RecipeBox-RecipeBoxUITests.debug.xcconfig"; path = "Target Support Files/Pods-RecipeBox-RecipeBoxUITests/Pods-RecipeBox-RecipeBoxUITests.debug.xcconfig"; sourceTree = "<group>"; };
		98E3365500006ADE57F75B3A /* Pods-RecipeBox.debug.xcconfig */ = {isa = PBXFileReference; includeInIndex = 1; lastKnownFileType = text.xcconfig; name = "Pods-RecipeBox.debug.xcconfig"; path = "Target Support Files/Pods-RecipeBox/Pods-RecipeBox.debug.xcconfig"; sourceTree = "<group>"; };
		B8E3F3F52EFAC63100899930 /* RecipeBox.app */ = {isa = PBXFileReference; explicitFileType = wrapper.application; includeInIndex = 0; path = RecipeBox.app; sourceTree = BUILT_PRODUCTS_DIR; };
		B8E3F40E2EFAC63300899930 /* RecipeBoxTests.xctest */ = {isa = PBXFileReference; explicitFileType = wrapper.cfbundle; includeInIndex = 0; path = RecipeBoxTests.xctest; sourceTree = BUILT_PRODUCTS_DIR; };
		B8E3F4182EFAC63300899930 /* RecipeBoxUITests.xctest */ = {isa = PBXFileReference; explicitFileType = wrapper.cfbundle; includeInIndex = 0; path = RecipeBoxUITests.xctest; sourceTree = BUILT_PRODUCTS_DIR; };
		C04E856AEDB62038AE20676F /* Pods_RecipeBox_RecipeBoxUITests.framework */ = {isa = PBXFileReference; explicitFileType = wrapper.framework; includeInIndex = 0; path = Pods_RecipeBox_RecipeBoxUITests.framework; sourceTree = BUILT_PRODUCTS_DIR; };
		E1347A1F8D4587B8EEAF541D /* Pods-RecipeBoxTests.release.xcconfig */ = {isa = PBXFileReference; includeInIndex = 1; lastKnownFileType = text.xcconfig; name = "Pods-RecipeBoxTests.release.xcconfig"; path = "Target Support Files/Pods-RecipeBoxTests/Pods-RecipeBoxTests.release.xcconfig"; sourceTree = "<group>"; };
/* End PBXFileReference section */

/* Begin PBXFileSystemSynchronizedBuildFileExceptionSet section */
		B8E3F4202EFAC63300899930 /* Exceptions for "RecipeBox" folder in "RecipeBox" target */ = {
			isa = PBXFileSystemSynchronizedBuildFileExceptionSet;
			membershipExceptions = (
				Info.plist,
			);
			target = B8E3F3F42EFAC63100899930 /* RecipeBox */;
		};
/* End PBXFileSystemSynchronizedBuildFileExceptionSet section */

/* Begin PBXFileSystemSynchronizedRootGroup section */
		B8E3F3F72EFAC63100899930 /* RecipeBox */ = {
			isa = PBXFileSystemSynchronizedRootGroup;
			exceptions = (
				B8E3F4202EFAC63300899930 /* Exceptions for "RecipeBox" folder in "RecipeBox" target */,
			);
			path = RecipeBox;
			sourceTree = "<group>";
		};
		B8E3F4112EFAC63300899930 /* RecipeBoxTests */ = {
			isa = PBXFileSystemSynchronizedRootGroup;
			path = RecipeBoxTests;
			sourceTree = "<group>";
		};
		B8E3F41B2EFAC63300899930 /* RecipeBoxUITests */ = {
			isa = PBXFileSystemSynchronizedRootGroup;
			path = RecipeBoxUITests;
			sourceTree = "<group>";
		};
/* End PBXFileSystemSynchronizedRootGroup section */

/* Begin PBXFrameworksBuildPhase section */
		B8E3F3F22EFAC63100899930 /* Frameworks */ = {
			isa = PBXFrameworksBuildPhase;
			buildActionMask = 2147483647;
			files = (
				4618AAE2FB0831EE9A8A26B7 /* Pods_RecipeBox.framework in Frameworks */,
			);
			runOnlyForDeploymentPostprocessing = 0;
		};
		B8E3F40B2EFAC63300899930 /* Frameworks */ = {
			isa = PBXFrameworksBuildPhase;
			buildActionMask = 2147483647;
			files = (
				00833DB13E03CA9A71DE7754 /* Pods_RecipeBoxTests.framework in Frameworks */,
			);
			runOnlyForDeploymentPostprocessing = 0;
		};
		B8E3F4152EFAC63300899930 /* Frameworks */ = {
			isa = PBXFrameworksBuildPhase;
			buildActionMask = 2147483647;
			files = (
				7C17A118E932F275F250C78C /* Pods_RecipeBox_RecipeBoxUITests.framework in Frameworks */,
			);
			runOnlyForDeploymentPostprocessing = 0;
		};
/* End PBXFrameworksBuildPhase section */

/* Begin PBXGroup section */
		0AF0DDA70511592E916B7B02 /* Pods */ = {
			isa = PBXGroup;
			children = (
				98E3365500006ADE57F75B3A /* Pods-RecipeBox.debug.xcconfig */,
				469BAF33F7948FE2B10BFB38 /* Pods-RecipeBox.release.xcconfig */,
				632992D1AA72FCCFFE792CD5 /* Pods-RecipeBox-RecipeBoxUITests.debug.xcconfig */,
				57C400EFC355779AF76D2E74 /* Pods-RecipeBox-RecipeBoxUITests.release.xcconfig */,
				1A60B7982918F4F1B692461D /* Pods-RecipeBoxTests.debug.xcconfig */,
				E1347A1F8D4587B8EEAF541D /* Pods-RecipeBoxTests.release.xcconfig */,
			);
			path = Pods;
			sourceTree = "<group>";
		};
		B8E3F3EC2EFAC63100899930 = {
			isa = PBXGroup;
			children = (
				B8E3F3F72EFAC63100899930 /* RecipeBox */,
				B8E3F4112EFAC63300899930 /* RecipeBoxTests */,
				B8E3F41B2EFAC63300899930 /* RecipeBoxUITests */,
				B8E3F3F62EFAC63100899930 /* Products */,
				0AF0DDA70511592E916B7B02 /* Pods */,
				FAF2AF51636396B8E14DA49D /* Frameworks */,
			);
			sourceTree = "<group>";
		};
		B8E3F3F62EFAC63100899930 /* Products */ = {
			isa = PBXGroup;
			children = (
				B8E3F3F52EFAC63100899930 /* RecipeBox.app */,
				B8E3F40E2EFAC63300899930 /* RecipeBoxTests.xctest */,
				B8E3F4182EFAC63300899930 /* RecipeBoxUITests.xctest */,
			);
			name = Products;
			sourceTree = "<group>";
		};
		FAF2AF51636396B8E14DA49D /* Frameworks */ = {
			isa = PBXGroup;
			children = (
				02B2B5B489EB0DD827740B52 /* Pods_RecipeBox.framework */,
				C04E856AEDB62038AE20676F /* Pods_RecipeBox_RecipeBoxUITests.framework */,
				042735672980AD283876D02A /* Pods_RecipeBoxTests.framework */,
			);
			name = Frameworks;
			sourceTree = "<group>";
		};
/* End PBXGroup section */

/* Begin PBXNativeTarget section */
		B8E3F3F42EFAC63100899930 /* RecipeBox */ = {
			isa = PBXNativeTarget;
			buildConfigurationList = B8E3F4212EFAC63300899930 /* Build configuration list for PBXNativeTarget "RecipeBox" */;
			buildPhases = (
				B5863309D7811F5B4918BFA3 /* [CP] Check Pods Manifest.lock */,
				B8E3F3F12EFAC63100899930 /* Sources */,
				B8E3F3F22EFAC63100899930 /* Frameworks */,
				B8E3F3F32EFAC63100899930 /* Resources */,
				3301FDEBE26F7F2F708D5DC9 /* [CP] Embed Pods Frameworks */,
			);
			buildRules = (
			);
			dependencies = (
			);
			fileSystemSynchronizedGroups = (
				B8E3F3F72EFAC63100899930 /* RecipeBox */,
			);
			name = RecipeBox;
			productName = RecipeBox;
			productReference = B8E3F3F52EFAC63100899930 /* RecipeBox.app */;
			productType = "com.apple.product-type.application";
		};
		B8E3F40D2EFAC63300899930 /* RecipeBoxTests */ = {
			isa = PBXNativeTarget;
			buildConfigurationList = B8E3F4262EFAC63300899930 /* Build configuration list for PBXNativeTarget "RecipeBoxTests" */;
			buildPhases = (
				3C0594EBECB077BED8545EE1 /* [CP] Check Pods Manifest.lock */,
				B8E3F40A2EFAC63300899930 /* Sources */,
				B8E3F40B2EFAC63300899930 /* Frameworks */,
				B8E3F40C2EFAC63300899930 /* Resources */,
			);
			buildRules = (
			);
			dependencies = (
				B8E3F4102EFAC63300899930 /* PBXTargetDependency */,
			);
			fileSystemSynchronizedGroups = (
				B8E3F4112EFAC63300899930 /* RecipeBoxTests */,
			);
			name = RecipeBoxTests;
			productName = RecipeBoxTests;
			productReference = B8E3F40E2EFAC63300899930 /* RecipeBoxTests.xctest */;
			productType = "com.apple.product-type.bundle.unit-test";
		};
		B8E3F4172EFAC63300899930 /* RecipeBoxUITests */ = {
			isa = PBXNativeTarget;
			buildConfigurationList = B8E3F4292EFAC63300899930 /* Build configuration list for PBXNativeTarget "RecipeBoxUITests" */;
			buildPhases = (
				F65982E4E8F521F921BCBEE0 /* [CP] Check Pods Manifest.lock */,
				B8E3F4142EFAC63300899930 /* Sources */,
				B8E3F4152EFAC63300899930 /* Frameworks */,
				B8E3F4162EFAC63300899930 /* Resources */,
				303DDB4E8ABB8A20A1726266 /* [CP] Embed Pods Frameworks */,
			);
			buildRules = (
			);
			dependencies = (
				B8E3F41A2EFAC63300899930 /* PBXTargetDependency */,
			);
			fileSystemSynchronizedGroups = (
				B8E3F41B2EFAC63300899930 /* RecipeBoxUITests */,
			);
			name = RecipeBoxUITests;
			productName = RecipeBoxUITests;
			productReference = B8E3F4182EFAC63300899930 /* RecipeBoxUITests.xctest */;
			productType = "com.apple.product-type.bundle.ui-testing";
		};
/* End PBXNativeTarget section */

/* Begin PBXProject section */
		B8E3F3ED2EFAC63100899930 /* Project object */ = {
			isa = PBXProject;
			attributes = {
				BuildIndependentTargetsInParallel = 1;
				LastSwiftUpdateCheck = 2620;
				LastUpgradeCheck = 2620;
				TargetAttributes = {
					B8E3F3F42EFAC63100899930 = {
						CreatedOnToolsVersion = 26.2;
					};
					B8E3F40D2EFAC63300899930 = {
						CreatedOnToolsVersion = 26.2;
						TestTargetID = B8E3F3F42EFAC63100899930;
					};
					B8E3F4172EFAC63300899930 = {
						CreatedOnToolsVersion = 26.2;
						TestTargetID = B8E3F3F42EFAC63100899930;
					};
				};
			};
			buildConfigurationList = B8E3F3F02EFAC63100899930 /* Build configuration list for PBXProject "RecipeBox" */;
			developmentRegion = en;
			hasScannedForEncodings = 0;
			knownRegions = (
				en,
				Base,
			);
			mainGroup = B8E3F3EC2EFAC63100899930;
			minimizedProjectReferenceProxies = 1;
			preferredProjectObjectVersion = 77;
			productRefGroup = B8E3F3F62EFAC63100899930 /* Products */;
			projectDirPath = "";
			projectRoot = "";
			targets = (
				B8E3F3F42EFAC63100899930 /* RecipeBox */,
				B8E3F40D2EFAC63300899930 /* RecipeBoxTests */,
				B8E3F4172EFAC63300899930 /* RecipeBoxUITests */,
			);
		};
/* End PBXProject section */

/* Begin PBXResourcesBuildPhase section */
		B8E3F3F32EFAC63100899930 /* Resources */ = {
			isa = PBXResourcesBuildPhase;
			buildActionMask = 2147483647;
			files = (
			);
			runOnlyForDeploymentPostprocessing = 0;
		};
		B8E3F40C2EFAC63300899930 /* Resources */ = {
			isa = PBXResourcesBuildPhase;
			buildActionMask = 2147483647;
			files = (
			);
			runOnlyForDeploymentPostprocessing = 0;
		};
		B8E3F4162EFAC63300899930 /* Resources */ = {
			isa = PBXResourcesBuildPhase;
			buildActionMask = 2147483647;
			files = (
			);
			runOnlyForDeploymentPostprocessing = 0;
		};
/* End PBXResourcesBuildPhase section */

/* Begin PBXShellScriptBuildPhase section */
		303DDB4E8ABB8A20A1726266 /* [CP] Embed Pods Frameworks */ = {
			isa = PBXShellScriptBuildPhase;
			buildActionMask = 2147483647;
			files = (
			);
			inputFileListPaths = (
				"${PODS_ROOT}/Target Support Files/Pods-RecipeBox-RecipeBoxUITests/Pods-RecipeBox-RecipeBoxUITests-frameworks-${CONFIGURATION}-input-files.xcfilelist",
			);
			inputPaths = (
			);
			name = "[CP] Embed Pods Frameworks";
			outputFileListPaths = (
				"${PODS_ROOT}/Target Support Files/Pods-RecipeBox-RecipeBoxUITests/Pods-RecipeBox-RecipeBoxUITests-frameworks-${CONFIGURATION}-output-files.xcfilelist",
			);
			outputPaths = (
			);
			runOnlyForDeploymentPostprocessing = 0;
			shellPath = /bin/sh;
			shellScript = "\"${PODS_ROOT}/Target Support Files/Pods-RecipeBox-RecipeBoxUITests/Pods-RecipeBox-RecipeBoxUITests-frameworks.sh\"\n";
			showEnvVarsInLog = 0;
		};
		3301FDEBE26F7F2F708D5DC9 /* [CP] Embed Pods Frameworks */ = {
			isa = PBXShellScriptBuildPhase;
			buildActionMask = 2147483647;
			files = (
			);
			inputFileListPaths = (
				"${PODS_ROOT}/Target Support Files/Pods-RecipeBox/Pods-RecipeBox-frameworks-${CONFIGURATION}-input-files.xcfilelist",
			);
			inputPaths = (
			);
			name = "[CP] Embed Pods Frameworks";
			outputFileListPaths = (
				"${PODS_ROOT}/Target Support Files/Pods-RecipeBox/Pods-RecipeBox-frameworks-${CONFIGURATION}-output-files.xcfilelist",
			);
			outputPaths = (
			);
			runOnlyForDeploymentPostprocessing = 0;
			shellPath = /bin/sh;
			shellScript = "\"${PODS_ROOT}/Target Support Files/Pods-RecipeBox/Pods-RecipeBox-frameworks.sh\"\n";
			showEnvVarsInLog = 0;
		};
		3C0594EBECB077BED8545EE1 /* [CP] Check Pods Manifest.lock */ = {
			isa = PBXShellScriptBuildPhase;
			buildActionMask = 2147483647;
			files = (
			);
			inputFileListPaths = (
			);
			inputPaths = (
				"${PODS_PODFILE_DIR_PATH}/Podfile.lock",
				"${PODS_ROOT}/Manifest.lock",
			);
			name = "[CP] Check Pods Manifest.lock";
			outputFileListPaths = (
			);
			outputPaths = (
				"$(DERIVED_FILE_DIR)/Pods-RecipeBoxTests-checkManifestLockResult.txt",
			);
			runOnlyForDeploymentPostprocessing = 0;
			shellPath = /bin/sh;
			shellScript = "diff \"${PODS_PODFILE_DIR_PATH}/Podfile.lock\" \"${PODS_ROOT}/Manifest.lock\" > /dev/null\nif [ $? != 0 ] ; then\n    # print error to STDERR\n    echo \"error: The sandbox is not in sync with the Podfile.lock. Run 'pod install' or update your CocoaPods installation.\" >&2\n    exit 1\nfi\n# This output is used by Xcode 'outputs' to avoid re-running this script phase.\necho \"SUCCESS\" > \"${SCRIPT_OUTPUT_FILE_0}\"\n";
			showEnvVarsInLog = 0;
		};
		B5863309D7811F5B4918BFA3 /* [CP] Check Pods Manifest.lock */ = {
			isa = PBXShellScriptBuildPhase;
			buildActionMask = 2147483647;
			files = (
			);
			inputFileListPaths = (
			);
			inputPaths = (
				"${PODS_PODFILE_DIR_PATH}/Podfile.lock",
				"${PODS_ROOT}/Manifest.lock",
			);
			name = "[CP] Check Pods Manifest.lock";
			outputFileListPaths = (
			);
			outputPaths = (
				"$(DERIVED_FILE_DIR)/Pods-RecipeBox-checkManifestLockResult.txt",
			);
			runOnlyForDeploymentPostprocessing = 0;
			shellPath = /bin/sh;
			shellScript = "diff \"${PODS_PODFILE_DIR_PATH}/Podfile.lock\" \"${PODS_ROOT}/Manifest.lock\" > /dev/null\nif [ $? != 0 ] ; then\n    # print error to STDERR\n    echo \"error: The sandbox is not in sync with the Podfile.lock. Run 'pod install' or update your CocoaPods installation.\" >&2\n    exit 1\nfi\n# This output is used by Xcode 'outputs' to avoid re-running this script phase.\necho \"SUCCESS\" > \"${SCRIPT_OUTPUT_FILE_0}\"\n";
			showEnvVarsInLog = 0;
		};
		F65982E4E8F521F921BCBEE0 /* [CP] Check Pods Manifest.lock */ = {
			isa = PBXShellScriptBuildPhase;
			buildActionMask = 2147483647;
			files = (
			);
			inputFileListPaths = (
			);
			inputPaths = (
				"${PODS_PODFILE_DIR_PATH}/Podfile.lock",
				"${PODS_ROOT}/Manifest.lock",
			);
			name = "[CP] Check Pods Manifest.lock";
			outputFileListPaths = (
			);
			outputPaths = (
				"$(DERIVED_FILE_DIR)/Pods-RecipeBox-RecipeBoxUITests-checkManifestLockResult.txt",
			);
			runOnlyForDeploymentPostprocessing = 0;
			shellPath = /bin/sh;
			shellScript = "diff \"${PODS_PODFILE_DIR_PATH}/Podfile.lock\" \"${PODS_ROOT}/Manifest.lock\" > /dev/null\nif [ $? != 0 ] ; then\n    # print error to STDERR\n    echo \"error: The sandbox is not in sync with the Podfile.lock. Run 'pod install' or update your CocoaPods installation.\" >&2\n    exit 1\nfi\n# This output is used by Xcode 'outputs' to avoid re-running this script phase.\necho \"SUCCESS\" > \"${SCRIPT_OUTPUT_FILE_0}\"\n";
			showEnvVarsInLog = 0;
		};
/* End PBXShellScriptBuildPhase section */

/* Begin PBXSourcesBuildPhase section */
		B8E3F3F12EFAC63100899930 /* Sources */ = {
			isa = PBXSourcesBuildPhase;
			buildActionMask = 2147483647;
			files = (
			);
			runOnlyForDeploymentPostprocessing = 0;
		};
		B8E3F40A2EFAC63300899930 /* Sources */ = {
			isa = PBXSourcesBuildPhase;
			buildActionMask = 2147483647;
			files = (
			);
			runOnlyForDeploymentPostprocessing = 0;
		};
		B8E3F4142EFAC63300899930 /* Sources */ = {
			isa = PBXSourcesBuildPhase;
			buildActionMask = 2147483647;
			files = (
			);
			runOnlyForDeploymentPostprocessing = 0;
		};
/* End PBXSourcesBuildPhase section */

/* Begin PBXTargetDependency section */
		B8E3F4102EFAC63300899930 /* PBXTargetDependency */ = {
			isa = PBXTargetDependency;
			target = B8E3F3F42EFAC63100899930 /* RecipeBox */;
			targetProxy = B8E3F40F2EFAC63300899930 /* PBXContainerItemProxy */;
		};
		B8E3F41A2EFAC63300899930 /* PBXTargetDependency */ = {
			isa = PBXTargetDependency;
			target = B8E3F3F42EFAC63100899930 /* RecipeBox */;
			targetProxy = B8E3F4192EFAC63300899930 /* PBXContainerItemProxy */;
		};
/* End PBXTargetDependency section */

/* Begin XCBuildConfiguration section */
		B8E3F4222EFAC63300899930 /* Debug */ = {
			isa = XCBuildConfiguration;
			baseConfigurationReference = 98E3365500006ADE57F75B3A /* Pods-RecipeBox.debug.xcconfig */;
			buildSettings = {
				ASSETCATALOG_COMPILER_APPICON_NAME = AppIcon;
				ASSETCATALOG_COMPILER_GLOBAL_ACCENT_COLOR_NAME = AccentColor;
				CODE_SIGN_STYLE = Automatic;
				CURRENT_PROJECT_VERSION = 1;
				ENABLE_USER_SCRIPT_SANDBOXING = NO;
				GENERATE_INFOPLIST_FILE = YES;
				INFOPLIST_FILE = RecipeBox/Info.plist;
				INFOPLIST_KEY_UIApplicationSupportsIndirectInputEvents = YES;
				INFOPLIST_KEY_UILaunchStoryboardName = LaunchScreen;
				INFOPLIST_KEY_UIMainStoryboardFile = Main;
				INFOPLIST_KEY_UISupportedInterfaceOrientations_iPad = "UIInterfaceOrientationPortrait UIInterfaceOrientationPortraitUpsideDown UIInterfaceOrientationLandscapeLeft UIInterfaceOrientationLandscapeRight";
				INFOPLIST_KEY_UISupportedInterfaceOrientations_iPhone = "UIInterfaceOrientationPortrait UIInterfaceOrientationLandscapeLeft UIInterfaceOrientationLandscapeRight";
				IPHONEOS_DEPLOYMENT_TARGET = 26.0;
				LD_RUNPATH_SEARCH_PATHS = (
					"$(inherited)",
					"@executable_path/Frameworks",
				);
				MARKETING_VERSION = 1.0;
				PRODUCT_BUNDLE_IDENTIFIER = com.RecipeBox.RecipeBox;
				PRODUCT_NAME = "$(TARGET_NAME)";
				STRING_CATALOG_GENERATE_SYMBOLS = YES;
				SWIFT_APPROACHABLE_CONCURRENCY = YES;
				SWIFT_DEFAULT_ACTOR_ISOLATION = MainActor;
				SWIFT_EMIT_LOC_STRINGS = YES;
				SWIFT_UPCOMING_FEATURE_MEMBER_IMPORT_VISIBILITY = YES;
				SWIFT_VERSION = 5.0;
				TARGETED_DEVICE_FAMILY = "1,2";
			};
			name = Debug;
		};
		B8E3F4232EFAC63300899930 /* Release */ = {
			isa = XCBuildConfiguration;
			baseConfigurationReference = 469BAF33F7948FE2B10BFB38 /* Pods-RecipeBox.release.xcconfig */;
			buildSettings = {
				ASSETCATALOG_COMPILER_APPICON_NAME = AppIcon;
				ASSETCATALOG_COMPILER_GLOBAL_ACCENT_COLOR_NAME = AccentColor;
				CODE_SIGN_STYLE = Automatic;
				CURRENT_PROJECT_VERSION = 1;
				ENABLE_USER_SCRIPT_SANDBOXING = NO;
				GENERATE_INFOPLIST_FILE = YES;
				INFOPLIST_FILE = RecipeBox/Info.plist;
				INFOPLIST_KEY_UIApplicationSupportsIndirectInputEvents = YES;
				INFOPLIST_KEY_UILaunchStoryboardName = LaunchScreen;
				INFOPLIST_KEY_UIMainStoryboardFile = Main;
				INFOPLIST_KEY_UISupportedInterfaceOrientations_iPad = "UIInterfaceOrientationPortrait UIInterfaceOrientationPortraitUpsideDown UIInterfaceOrientationLandscapeLeft UIInterfaceOrientationLandscapeRight";
				INFOPLIST_KEY_UISupportedInterfaceOrientations_iPhone = "UIInterfaceOrientationPortrait UIInterfaceOrientationLandscapeLeft UIInterfaceOrientationLandscapeRight";
				IPHONEOS_DEPLOYMENT_TARGET = 26.0;
				LD_RUNPATH_SEARCH_PATHS = (
					"$(inherited)",
					"@executable_path/Frameworks",
				);
				MARKETING_VERSION = 1.0;
				PRODUCT_BUNDLE_IDENTIFIER = com.RecipeBox.RecipeBox;
				PRODUCT_NAME = "$(TARGET_NAME)";
				STRING_CATALOG_GENERATE_SYMBOLS = YES;
				SWIFT_APPROACHABLE_CONCURRENCY = YES;
				SWIFT_DEFAULT_ACTOR_ISOLATION = MainActor;
				SWIFT_EMIT_LOC_STRINGS = YES;
				SWIFT_UPCOMING_FEATURE_MEMBER_IMPORT_VISIBILITY = YES;
				SWIFT_VERSION = 5.0;
				TARGETED_DEVICE_FAMILY = "1,2";
			};
			name = Release;
		};
		B8E3F4242EFAC63300899930 /* Debug */ = {
			isa = XCBuildConfiguration;
			buildSettings = {
				ALWAYS_SEARCH_USER_PATHS = NO;
				ASSETCATALOG_COMPILER_GENERATE_SWIFT_ASSET_SYMBOL_EXTENSIONS = YES;
				CLANG_ANALYZER_NONNULL = YES;
				CLANG_ANALYZER_NUMBER_OBJECT_CONVERSION = YES_AGGRESSIVE;
				CLANG_CXX_LANGUAGE_STANDARD = "gnu++20";
				CLANG_ENABLE_MODULES = YES;
				CLANG_ENABLE_OBJC_ARC = YES;
				CLANG_ENABLE_OBJC_WEAK = YES;
				CLANG_WARN_BLOCK_CAPTURE_AUTORELEASING = YES;
				CLANG_WARN_BOOL_CONVERSION = YES;
				CLANG_WARN_COMMA = YES;
				CLANG_WARN_CONSTANT_CONVERSION = YES;
				CLANG_WARN_DEPRECATED_OBJC_IMPLEMENTATIONS = YES;
				CLANG_WARN_DIRECT_OBJC_ISA_USAGE = YES_ERROR;
				CLANG_WARN_DOCUMENTATION_COMMENTS = YES;
				CLANG_WARN_EMPTY_BODY = YES;
				CLANG_WARN_ENUM_CONVERSION = YES;
				CLANG_WARN_INFINITE_RECURSION = YES;
				CLANG_WARN_INT_CONVERSION = YES;
				CLANG_WARN_NON_LITERAL_NULL_CONVERSION = YES;
				CLANG_WARN_OBJC_IMPLICIT_RETAIN_SELF = YES;
				CLANG_WARN_OBJC_LITERAL_CONVERSION = YES;
				CLANG_WARN_OBJC_ROOT_CLASS = YES_ERROR;
				CLANG_WARN_QUOTED_INCLUDE_IN_FRAMEWORK_HEADER = YES;
				CLANG_WARN_RANGE_LOOP_ANALYSIS = YES;
				CLANG_WARN_STRICT_PROTOTYPES = YES;
				CLANG_WARN_SUSPICIOUS_MOVE = YES;
				CLANG_WARN_UNGUARDED_AVAILABILITY = YES_AGGRESSIVE;
				CLANG_WARN_UNREACHABLE_CODE = YES;
				CLANG_WARN__DUPLICATE_METHOD_MATCH = YES;
				COPY_PHASE_STRIP = NO;
				DEBUG_INFORMATION_FORMAT = dwarf;
				ENABLE_STRICT_OBJC_MSGSEND = YES;
				ENABLE_TESTABILITY = YES;
				ENABLE_USER_SCRIPT_SANDBOXING = YES;
				GCC_C_LANGUAGE_STANDARD = gnu17;
				GCC_DYNAMIC_NO_PIC = NO;
				GCC_NO_COMMON_BLOCKS = YES;
				GCC_OPTIMIZATION_LEVEL = 0;
				GCC_PREPROCESSOR_DEFINITIONS = (
					"DEBUG=1",
					"$(inherited)",
				);
				GCC_WARN_64_TO_32_BIT_CONVERSION = YES;
				GCC_WARN_ABOUT_RETURN_TYPE = YES_ERROR;
				GCC_WARN_UNDECLARED_SELECTOR = YES;
				GCC_WARN_UNINITIALIZED_AUTOS = YES_AGGRESSIVE;
				GCC_WARN_UNUSED_FUNCTION = YES;
				GCC_WARN_UNUSED_VARIABLE = YES;
				IPHONEOS_DEPLOYMENT_TARGET = 26.2;
				LOCALIZATION_PREFERS_STRING_CATALOGS = YES;
				MTL_ENABLE_DEBUG_INFO = INCLUDE_SOURCE;
				MTL_FAST_MATH = YES;
				ONLY_ACTIVE_ARCH = YES;
				SDKROOT = iphoneos;
				SWIFT_ACTIVE_COMPILATION_CONDITIONS = "DEBUG $(inherited)";
				SWIFT_OPTIMIZATION_LEVEL = "-Onone";
			};
			name = Debug;
		};
		B8E3F4252EFAC63300899930 /* Release */ = {
			isa = XCBuildConfiguration;
			buildSettings = {
				ALWAYS_SEARCH_USER_PATHS = NO;
				ASSETCATALOG_COMPILER_GENERATE_SWIFT_ASSET_SYMBOL_EXTENSIONS = YES;
				CLANG_ANALYZER_NONNULL = YES;
				CLANG_ANALYZER_NUMBER_OBJECT_CONVERSION = YES_AGGRESSIVE;
				CLANG_CXX_LANGUAGE_STANDARD = "gnu++20";
				CLANG_ENABLE_MODULES = YES;
				CLANG_ENABLE_OBJC_ARC = YES;
				CLANG_ENABLE_OBJC_WEAK = YES;
				CLANG_WARN_BLOCK_CAPTURE_AUTORELEASING = YES;
				CLANG_WARN_BOOL_CONVERSION = YES;
				CLANG_WARN_COMMA = YES;
				CLANG_WARN_CONSTANT_CONVERSION = YES;
				CLANG_WARN_DEPRECATED_OBJC_IMPLEMENTATIONS = YES;
				CLANG_WARN_DIRECT_OBJC_ISA_USAGE = YES_ERROR;
				CLANG_WARN_DOCUMENTATION_COMMENTS = YES;
				CLANG_WARN_EMPTY_BODY = YES;
				CLANG_WARN_ENUM_CONVERSION = YES;
				CLANG_WARN_INFINITE_RECURSION = YES;
				CLANG_WARN_INT_CONVERSION = YES;
				CLANG_WARN_NON_LITERAL_NULL_CONVERSION = YES;
				CLANG_WARN_OBJC_IMPLICIT_RETAIN_SELF = YES;
				CLANG_WARN_OBJC_LITERAL_CONVERSION = YES;
				CLANG_WARN_OBJC_ROOT_CLASS = YES_ERROR;
				CLANG_WARN_QUOTED_INCLUDE_IN_FRAMEWORK_HEADER = YES;
				CLANG_WARN_RANGE_LOOP_ANALYSIS = YES;
				CLANG_WARN_STRICT_PROTOTYPES = YES;
				CLANG_WARN_SUSPICIOUS_MOVE = YES;
				CLANG_WARN_UNGUARDED_AVAILABILITY = YES_AGGRESSIVE;
				CLANG_WARN_UNREACHABLE_CODE = YES;
				CLANG_WARN__DUPLICATE_METHOD_MATCH = YES;
				COPY_PHASE_STRIP = NO;
				DEBUG_INFORMATION_FORMAT = "dwarf-with-dsym";
				ENABLE_NS_ASSERTIONS = NO;
				ENABLE_STRICT_OBJC_MSGSEND = YES;
				ENABLE_USER_SCRIPT_SANDBOXING = YES;
				GCC_C_LANGUAGE_STANDARD = gnu17;
				GCC_NO_COMMON_BLOCKS = YES;
				GCC_WARN_64_TO_32_BIT_CONVERSION = YES;
				GCC_WARN_ABOUT_RETURN_TYPE = YES_ERROR;
				GCC_WARN_UNDECLARED_SELECTOR = YES;
				GCC_WARN_UNINITIALIZED_AUTOS = YES_AGGRESSIVE;
				GCC_WARN_UNUSED_FUNCTION = YES;
				GCC_WARN_UNUSED_VARIABLE = YES;
				IPHONEOS_DEPLOYMENT_TARGET = 26.2;
				LOCALIZATION_PREFERS_STRING_CATALOGS = YES;
				MTL_ENABLE_DEBUG_INFO = NO;
				MTL_FAST_MATH = YES;
				SDKROOT = iphoneos;
				SWIFT_COMPILATION_MODE = wholemodule;
				VALIDATE_PRODUCT = YES;
			};
			name = Release;
		};
		B8E3F4272EFAC63300899930 /* Debug */ = {
			isa = XCBuildConfiguration;
			baseConfigurationReference = 1A60B7982918F4F1B692461D /* Pods-RecipeBoxTests.debug.xcconfig */;
			buildSettings = {
				BUNDLE_LOADER = "$(TEST_HOST)";
				CODE_SIGN_STYLE = Automatic;
				CURRENT_PROJECT_VERSION = 1;
				GENERATE_INFOPLIST_FILE = YES;
				IPHONEOS_DEPLOYMENT_TARGET = 26.2;
				MARKETING_VERSION = 1.0;
				PRODUCT_BUNDLE_IDENTIFIER = com.RecipeBox.RecipeBoxTests;
				PRODUCT_NAME = "$(TARGET_NAME)";
				STRING_CATALOG_GENERATE_SYMBOLS = NO;
				SWIFT_APPROACHABLE_CONCURRENCY = YES;
				SWIFT_EMIT_LOC_STRINGS = NO;
				SWIFT_UPCOMING_FEATURE_MEMBER_IMPORT_VISIBILITY = YES;
				SWIFT_VERSION = 5.0;
				TARGETED_DEVICE_FAMILY = "1,2";
				TEST_HOST = "$(BUILT_PRODUCTS_DIR)/RecipeBox.app/$(BUNDLE_EXECUTABLE_FOLDER_PATH)/RecipeBox";
			};
			name = Debug;
		};
		B8E3F4282EFAC63300899930 /* Release */ = {
			isa = XCBuildConfiguration;
			baseConfigurationReference = E1347A1F8D4587B8EEAF541D /* Pods-RecipeBoxTests.release.xcconfig */;
			buildSettings = {
				BUNDLE_LOADER = "$(TEST_HOST)";
				CODE_SIGN_STYLE = Automatic;
				CURRENT_PROJECT_VERSION = 1;
				GENERATE_INFOPLIST_FILE = YES;
				IPHONEOS_DEPLOYMENT_TARGET = 26.2;
				MARKETING_VERSION = 1.0;
				PRODUCT_BUNDLE_IDENTIFIER = com.RecipeBox.RecipeBoxTests;
				PRODUCT_NAME = "$(TARGET_NAME)";
				STRING_CATALOG_GENERATE_SYMBOLS = NO;
				SWIFT_APPROACHABLE_CONCURRENCY = YES;
				SWIFT_EMIT_LOC_STRINGS = NO;
				SWIFT_UPCOMING_FEATURE_MEMBER_IMPORT_VISIBILITY = YES;
				SWIFT_VERSION = 5.0;
				TARGETED_DEVICE_FAMILY = "1,2";
				TEST_HOST = "$(BUILT_PRODUCTS_DIR)/RecipeBox.app/$(BUNDLE_EXECUTABLE_FOLDER_PATH)/RecipeBox";
			};
			name = Release;
		};
		B8E3F42A2EFAC63300899930 /* Debug */ = {
			isa = XCBuildConfiguration;
			baseConfigurationReference = 632992D1AA72FCCFFE792CD5 /* Pods-RecipeBox-RecipeBoxUITests.debug.xcconfig */;
			buildSettings = {
				CODE_SIGN_STYLE = Automatic;
				CURRENT_PROJECT_VERSION = 1;
				GENERATE_INFOPLIST_FILE = YES;
				MARKETING_VERSION = 1.0;
				PRODUCT_BUNDLE_IDENTIFIER = com.RecipeBox.RecipeBoxUITests;
				PRODUCT_NAME = "$(TARGET_NAME)";
				STRING_CATALOG_GENERATE_SYMBOLS = NO;
				SWIFT_APPROACHABLE_CONCURRENCY = YES;
				SWIFT_EMIT_LOC_STRINGS = NO;
				SWIFT_UPCOMING_FEATURE_MEMBER_IMPORT_VISIBILITY = YES;
				SWIFT_VERSION = 5.0;
				TARGETED_DEVICE_FAMILY = "1,2";
				TEST_TARGET_NAME = RecipeBox;
			};
			name = Debug;
		};
		B8E3F42B2EFAC63300899930 /* Release */ = {
			isa = XCBuildConfiguration;
			baseConfigurationReference = 57C400EFC355779AF76D2E74 /* Pods-RecipeBox-RecipeBoxUITests.release.xcconfig */;
			buildSettings = {
				CODE_SIGN_STYLE = Automatic;
				CURRENT_PROJECT_VERSION = 1;
				GENERATE_INFOPLIST_FILE = YES;
				MARKETING_VERSION = 1.0;
				PRODUCT_BUNDLE_IDENTIFIER = com.RecipeBox.RecipeBoxUITests;
				PRODUCT_NAME = "$(TARGET_NAME)";
				STRING_CATALOG_GENERATE_SYMBOLS = NO;
				SWIFT_APPROACHABLE_CONCURRENCY = YES;
				SWIFT_EMIT_LOC_STRINGS = NO;
				SWIFT_UPCOMING_FEATURE_MEMBER_IMPORT_VISIBILITY = YES;
				SWIFT_VERSION = 5.0;
				TARGETED_DEVICE_FAMILY = "1,2";
				TEST_TARGET_NAME = RecipeBox;
			};
			name = Release;
		};
/* End XCBuildConfiguration section */

/* Begin XCConfigurationList section */
		B8E3F3F02EFAC63100899930 /* Build configuration list for PBXProject "RecipeBox" */ = {
			isa = XCConfigurationList;
			buildConfigurations = (
				B8E3F4242EFAC63300899930 /* Debug */,
				B8E3F4252EFAC63300899930 /* Release */,
			);
			defaultConfigurationIsVisible = 0;
			defaultConfigurationName = Release;
		};
		B8E3F4212EFAC63300899930 /* Build configuration list for PBXNativeTarget "RecipeBox" */ = {
			isa = XCConfigurationList;
			buildConfigurations = (
				B8E3F4222EFAC63300899930 /* Debug */,
				B8E3F4232EFAC63300899930 /* Release */,
			);
			defaultConfigurationIsVisible = 0;
			defaultConfigurationName = Release;
		};
		B8E3F4262EFAC63300899930 /* Build configuration list for PBXNativeTarget "RecipeBoxTests" */ = {
			isa = XCConfigurationList;
			buildConfigurations = (
				B8E3F4272EFAC63300899930 /* Debug */,
				B8E3F4282EFAC63300899930 /* Release */,
			);
			defaultConfigurationIsVisible = 0;
			defaultConfigurationName = Release;
		};
		B8E3F4292EFAC63300899930 /* Build configuration list for PBXNativeTarget "RecipeBoxUITests" */ = {
			isa = XCConfigurationList;
			buildConfigurations = (
				B8E3F42A2EFAC63300899930 /* Debug */,
				B8E3F42B2EFAC63300899930 /* Release */,
			);
			defaultConfigurationIsVisible = 0;
			defaultConfigurationName = Release;
		};
/* End XCConfigurationList section */
	};
	rootObject = B8E3F3ED2EFAC63100899930 /* Project object */;
}
